hash: 264165104bd76424901a2af484f540344d1a32f402e7b4a9e8501fb6f4f4c749
updated: 2017-11-30T07:05:06.2445395+10:00
imports:
- name: github.com/go-kit/kit
  version: 4dc7be5d2d12881735283bcab7352178e190fc71
  subpackages:
  - endpoint
  - log
  - sd
  - sd/consul
  - sd/internal/instance
  - sd/lb
  - transport/http
- name: github.com/go-logfmt/logfmt
  version: 390ab7935ee28ec6b286364bba9b4dd6410cb3d5
- name: github.com/go-stack/stack
  version: 259ab82a6cad3992b4e21ff5cac294ccb06474bc
- name: github.com/gorilla/context
  version: 08b5f424b9271eedf6f9f0ce86cb9396ed337a42
- name: github.com/gorilla/mux
  version: 7f08801859139f86dfafd1c296e2cba9a80d292e
- name: github.com/hashicorp/consul
  version: 9564c2978b59c060aed0657e662a4eb1c6f35356
  subpackages:
  - api
- name: github.com/hashicorp/go-cleanhttp
  version: 3573b8b52aa7b37b9358d966a898feb387f62437
- name: github.com/hashicorp/go-rootcerts
  version: 6bb64b370b90e7ef1fa532be9e591a81c3493e00
- name: github.com/hashicorp/serf
  version: c20a0b1b1ea9eb8168bcdec0116688fa9254e449
  subpackages:
  - coordinate
- name: github.com/kr/logfmt
  version: b84e30acd515aadc4b783ad4ff83aff3299bdfe0
- name: github.com/mitchellh/go-homedir
  version: b8bc1bf767474819792c23f32d8286a45736f1c6
- name: golang.org/x/net
  version: a8b9294777976932365dabb6640cf1468d95c70f
  subpackages:
  - context
- name: gopkg.in/mgo.v2
  version: 3f83fa5005286a7fe593b055f0d7771a7dce4655
  subpackages:
  - bson
testImports: []
